
Microsoft Visual Studio Solution File, Format Version 12.00
# Visual Studio Version 17
VisualStudioVersion = 17.7.34202.233
MinimumVisualStudioVersion = 10.0.40219.1
Project("{FAE04EC0-301F-11D3-BF4B-00C04F79EFBC}") = "EnpterpriseWebApi", "EnpterpriseWebApi.csproj", "{15FF5313-0E9D-47DC-817D-C13B06E39178}"
EndProject
Project("{FAE04EC0-301F-11D3-BF4B-00C04F79EFBC}") = "DataServices", "..\DataServices\DataServices.csproj", "{7DC7D5CF-EDB8-4696-A232-4949DFFA29FB}"
EndProject
Project("{FAE04EC0-301F-11D3-BF4B-00C04F79EFBC}") = "Models", "..\Models\Models.csproj", "{1966DA9C-C0DD-4DF1-A4C1-1007EDB404A7}"
EndProject
Global
	GlobalSection(SolutionConfigurationPlatforms) = preSolution
		Debug|Any CPU = Debug|Any CPU
		Release|Any CPU = Release|Any CPU
	EndGlobalSection
	GlobalSection(ProjectConfigurationPlatforms) = postSolution
		{15FF5313-0E9D-47DC-817D-C13B06E39178}.Debug|Any CPU.ActiveCfg = Debug|Any CPU
		{15FF5313-0E9D-47DC-817D-C13B06E39178}.Debug|Any CPU.Build.0 = Debug|Any CPU
		{15FF5313-0E9D-47DC-817D-C13B06E39178}.Release|Any CPU.ActiveCfg = Release|Any CPU
		{15FF5313-0E9D-47DC-817D-C13B06E39178}.Release|Any CPU.Build.0 = Release|Any CPU
		{7DC7D5CF-EDB8-4696-A232-4949DFFA29FB}.Debug|Any CPU.ActiveCfg = Debug|Any CPU
		{7DC7D5CF-EDB8-4696-A232-4949DFFA29FB}.Debug|Any CPU.Build.0 = Debug|Any CPU
		{7DC7D5CF-EDB8-4696-A232-4949DFFA29FB}.Release|Any CPU.ActiveCfg = Release|Any CPU
		{7DC7D5CF-EDB8-4696-A232-4949DFFA29FB}.Release|Any CPU.Build.0 = Release|Any CPU
		{1966DA9C-C0DD-4DF1-A4C1-1007EDB404A7}.Debug|Any CPU.ActiveCfg = Debug|Any CPU
		{1966DA9C-C0DD-4DF1-A4C1-1007EDB404A7}.Debug|Any CPU.Build.0 = Debug|Any CPU
		{1966DA9C-C0DD-4DF1-A4C1-1007EDB404A7}.Release|Any CPU.ActiveCfg = Release|Any CPU
		{1966DA9C-C0DD-4DF1-A4C1-1007EDB404A7}.Release|Any CPU.Build.0 = Release|Any CPU
	EndGlobalSection
	GlobalSection(SolutionProperties) = preSolution
		HideSolutionNode = FALSE
	EndGlobalSection
	GlobalSection(ExtensibilityGlobals) = postSolution
		SolutionGuid = {3A21A010-502D-4B9A-8931-DFB915547CB8}
	EndGlobalSection
EndGlobal
